
Microsoft Visual Studio Solution File, Format Version 10.00
# Visual Studio 2008
Project("{FAE04EC0-301F-11D3-BF4B-00C04F79EFBC}") = "CompilerInterface", "CompilerInterface\CompilerInterface.csproj", "{0AAD7C2F-83EE-4DA2-ADC6-ADF79B54FA46}"
EndProject
Project("{FAE04EC0-301F-11D3-BF4B-00C04F79EFBC}") = "AlanLanguageCompiler", "..\AlanLanguageCompiler\AlanLanguageCompiler\AlanLanguageCompiler.csproj", "{DAE5474F-3A77-4809-BC30-ED6825D508EE}"
EndProject
Global
	GlobalSection(SolutionConfigurationPlatforms) = preSolution
		Debug|Any CPU = Debug|Any CPU
		Release|Any CPU = Release|Any CPU
	EndGlobalSection
	GlobalSection(ProjectConfigurationPlatforms) = postSolution
		{0AAD7C2F-83EE-4DA2-ADC6-ADF79B54FA46}.Debug|Any CPU.ActiveCfg = Debug|Any CPU
		{0AAD7C2F-83EE-4DA2-ADC6-ADF79B54FA46}.Debug|Any CPU.Build.0 = Debug|Any CPU
		{0AAD7C2F-83EE-4DA2-ADC6-ADF79B54FA46}.Release|Any CPU.ActiveCfg = Release|Any CPU
		{0AAD7C2F-83EE-4DA2-ADC6-ADF79B54FA46}.Release|Any CPU.Build.0 = Release|Any CPU
		{DAE5474F-3A77-4809-BC30-ED6825D508EE}.Debug|Any CPU.ActiveCfg = Debug|Any CPU
		{DAE5474F-3A77-4809-BC30-ED6825D508EE}.Debug|Any CPU.Build.0 = Debug|Any CPU
		{DAE5474F-3A77-4809-BC30-ED6825D508EE}.Release|Any CPU.ActiveCfg = Release|Any CPU
		{DAE5474F-3A77-4809-BC30-ED6825D508EE}.Release|Any CPU.Build.0 = Release|Any CPU
	EndGlobalSection
	GlobalSection(SolutionProperties) = preSolution
		HideSolutionNode = FALSE
	EndGlobalSection
EndGlobal
