
Microsoft Visual Studio Solution File, Format Version 10.00
# Visual Studio 2008
Project("{FAE04EC0-301F-11D3-BF4B-00C04F79EFBC}") = "CompilerInterface", "ComiplerInterface\CompilerInterface.csproj", "{B7950978-EBC0-4A38-BB8E-D21491600144}"
EndProject
Project("{FAE04EC0-301F-11D3-BF4B-00C04F79EFBC}") = "DynamicBranchTree", "..\DynamicBranchTree\DynamicBranchTree\DynamicBranchTree.csproj", "{632C4911-5678-4ACF-AF2D-3C2B127678FE}"
EndProject
Project("{FAE04EC0-301F-11D3-BF4B-00C04F79EFBC}") = "NFLanguageCompiler", "..\NFLanguageCompiler\NFLanguageCompiler\NFLanguageCompiler.csproj", "{DFB680E6-C9C5-4BFE-B6B3-F57E4441B532}"
EndProject
Global
	GlobalSection(SolutionConfigurationPlatforms) = preSolution
		Debug|Any CPU = Debug|Any CPU
		Release|Any CPU = Release|Any CPU
	EndGlobalSection
	GlobalSection(ProjectConfigurationPlatforms) = postSolution
		{B7950978-EBC0-4A38-BB8E-D21491600144}.Debug|Any CPU.ActiveCfg = Debug|Any CPU
		{B7950978-EBC0-4A38-BB8E-D21491600144}.Debug|Any CPU.Build.0 = Debug|Any CPU
		{B7950978-EBC0-4A38-BB8E-D21491600144}.Release|Any CPU.ActiveCfg = Release|Any CPU
		{B7950978-EBC0-4A38-BB8E-D21491600144}.Release|Any CPU.Build.0 = Release|Any CPU
		{632C4911-5678-4ACF-AF2D-3C2B127678FE}.Debug|Any CPU.ActiveCfg = Debug|Any CPU
		{632C4911-5678-4ACF-AF2D-3C2B127678FE}.Debug|Any CPU.Build.0 = Debug|Any CPU
		{632C4911-5678-4ACF-AF2D-3C2B127678FE}.Release|Any CPU.ActiveCfg = Release|Any CPU
		{632C4911-5678-4ACF-AF2D-3C2B127678FE}.Release|Any CPU.Build.0 = Release|Any CPU
		{DFB680E6-C9C5-4BFE-B6B3-F57E4441B532}.Debug|Any CPU.ActiveCfg = Debug|Any CPU
		{DFB680E6-C9C5-4BFE-B6B3-F57E4441B532}.Debug|Any CPU.Build.0 = Debug|Any CPU
		{DFB680E6-C9C5-4BFE-B6B3-F57E4441B532}.Release|Any CPU.ActiveCfg = Release|Any CPU
		{DFB680E6-C9C5-4BFE-B6B3-F57E4441B532}.Release|Any CPU.Build.0 = Release|Any CPU
	EndGlobalSection
	GlobalSection(SolutionProperties) = preSolution
		HideSolutionNode = FALSE
	EndGlobalSection
EndGlobal
